
Microsoft Visual Studio Solution File, Format Version 12.00
# Visual Studio Version 17
VisualStudioVersion = 17.0.31903.59
MinimumVisualStudioVersion = 10.0.40219.1
Project("{2150E333-8FDC-42A3-9474-1A3956D46DE8}") = "src", "src", "{827E0CD3-B72D-47B6-A68D-7590B98EB39B}"
EndProject
Project("{FAE04EC0-301F-11D3-BF4B-00C04F79EFBC}") = "ProductService", "src\ProductService\ProductService.csproj", "{36414CF2-6D65-4647-A498-AC1AD82AFD3A}"
EndProject
Project("{FAE04EC0-301F-11D3-BF4B-00C04F79EFBC}") = "ProductService.API", "src\ProductService.API\ProductService.API.csproj", "{E6AD6197-D270-4D5C-B3DE-9E28D1E63ED5}"
EndProject
Project("{FAE04EC0-301F-11D3-BF4B-00C04F79EFBC}") = "ProductService.Services", "src\ProductService.Services\ProductService.Services.csproj", "{128F2888-00E9-4534-BDAE-F8E32E0CC3FD}"
EndProject
Project("{FAE04EC0-301F-11D3-BF4B-00C04F79EFBC}") = "ProductService.Repository", "src\ProductService.Repository\ProductService.Repository.csproj", "{5891D738-1B3D-4A39-8BD6-8F4D47EB1AD6}"
EndProject
Project("{FAE04EC0-301F-11D3-BF4B-00C04F79EFBC}") = "ProductService.Models", "src\ProductService.Models\ProductService.Models.csproj", "{A86946D9-3F8F-4F83-8082-231250F13C53}"
EndProject
Project("{FAE04EC0-301F-11D3-BF4B-00C04F79EFBC}") = "ProductService.Contracts", "src\ProductService.Contracts\ProductService.Contracts.csproj", "{8C1EB0B2-D231-4F44-9A7D-6839A2582C9A}"
EndProject
Project("{FAE04EC0-301F-11D3-BF4B-00C04F79EFBC}") = "Infrastructure", "src\Infrastructure\Infrastructure.csproj", "{8BE6240E-C06B-4D53-9907-9D7F7750DDD5}"
EndProject
Project("{FAE04EC0-301F-11D3-BF4B-00C04F79EFBC}") = "Core", "src\Core\Core.csproj", "{16050FED-CBA8-4920-8702-040113183897}"
EndProject
Project("{FAE04EC0-301F-11D3-BF4B-00C04F79EFBC}") = "ProductService.Tests", "src\ProductService.Tests\ProductService.Tests.csproj", "{F9BEF9D0-EE0D-4188-A61C-C52D3C788E9C}"
EndProject
Global
	GlobalSection(SolutionConfigurationPlatforms) = preSolution
		Debug|Any CPU = Debug|Any CPU
		Debug|x64 = Debug|x64
		Debug|x86 = Debug|x86
		Release|Any CPU = Release|Any CPU
		Release|x64 = Release|x64
		Release|x86 = Release|x86
	EndGlobalSection
	GlobalSection(ProjectConfigurationPlatforms) = postSolution
		{36414CF2-6D65-4647-A498-AC1AD82AFD3A}.Debug|Any CPU.ActiveCfg = Debug|Any CPU
		{36414CF2-6D65-4647-A498-AC1AD82AFD3A}.Debug|Any CPU.Build.0 = Debug|Any CPU
		{36414CF2-6D65-4647-A498-AC1AD82AFD3A}.Debug|x64.ActiveCfg = Debug|Any CPU
		{36414CF2-6D65-4647-A498-AC1AD82AFD3A}.Debug|x64.Build.0 = Debug|Any CPU
		{36414CF2-6D65-4647-A498-AC1AD82AFD3A}.Debug|x86.ActiveCfg = Debug|Any CPU
		{36414CF2-6D65-4647-A498-AC1AD82AFD3A}.Debug|x86.Build.0 = Debug|Any CPU
		{36414CF2-6D65-4647-A498-AC1AD82AFD3A}.Release|Any CPU.ActiveCfg = Release|Any CPU
		{36414CF2-6D65-4647-A498-AC1AD82AFD3A}.Release|Any CPU.Build.0 = Release|Any CPU
		{36414CF2-6D65-4647-A498-AC1AD82AFD3A}.Release|x64.ActiveCfg = Release|Any CPU
		{36414CF2-6D65-4647-A498-AC1AD82AFD3A}.Release|x64.Build.0 = Release|Any CPU
		{36414CF2-6D65-4647-A498-AC1AD82AFD3A}.Release|x86.ActiveCfg = Release|Any CPU
		{36414CF2-6D65-4647-A498-AC1AD82AFD3A}.Release|x86.Build.0 = Release|Any CPU
		{E6AD6197-D270-4D5C-B3DE-9E28D1E63ED5}.Debug|Any CPU.ActiveCfg = Debug|Any CPU
		{E6AD6197-D270-4D5C-B3DE-9E28D1E63ED5}.Debug|Any CPU.Build.0 = Debug|Any CPU
		{E6AD6197-D270-4D5C-B3DE-9E28D1E63ED5}.Debug|x64.ActiveCfg = Debug|Any CPU
		{E6AD6197-D270-4D5C-B3DE-9E28D1E63ED5}.Debug|x64.Build.0 = Debug|Any CPU
		{E6AD6197-D270-4D5C-B3DE-9E28D1E63ED5}.Debug|x86.ActiveCfg = Debug|Any CPU
		{E6AD6197-D270-4D5C-B3DE-9E28D1E63ED5}.Debug|x86.Build.0 = Debug|Any CPU
		{E6AD6197-D270-4D5C-B3DE-9E28D1E63ED5}.Release|Any CPU.ActiveCfg = Release|Any CPU
		{E6AD6197-D270-4D5C-B3DE-9E28D1E63ED5}.Release|Any CPU.Build.0 = Release|Any CPU
		{E6AD6197-D270-4D5C-B3DE-9E28D1E63ED5}.Release|x64.ActiveCfg = Release|Any CPU
		{E6AD6197-D270-4D5C-B3DE-9E28D1E63ED5}.Release|x64.Build.0 = Release|Any CPU
		{E6AD6197-D270-4D5C-B3DE-9E28D1E63ED5}.Release|x86.ActiveCfg = Release|Any CPU
		{E6AD6197-D270-4D5C-B3DE-9E28D1E63ED5}.Release|x86.Build.0 = Release|Any CPU
		{128F2888-00E9-4534-BDAE-F8E32E0CC3FD}.Debug|Any CPU.ActiveCfg = Debug|Any CPU
		{128F2888-00E9-4534-BDAE-F8E32E0CC3FD}.Debug|Any CPU.Build.0 = Debug|Any CPU
		{128F2888-00E9-4534-BDAE-F8E32E0CC3FD}.Debug|x64.ActiveCfg = Debug|Any CPU
		{128F2888-00E9-4534-BDAE-F8E32E0CC3FD}.Debug|x64.Build.0 = Debug|Any CPU
		{128F2888-00E9-4534-BDAE-F8E32E0CC3FD}.Debug|x86.ActiveCfg = Debug|Any CPU
		{128F2888-00E9-4534-BDAE-F8E32E0CC3FD}.Debug|x86.Build.0 = Debug|Any CPU
		{128F2888-00E9-4534-BDAE-F8E32E0CC3FD}.Release|Any CPU.ActiveCfg = Release|Any CPU
		{128F2888-00E9-4534-BDAE-F8E32E0CC3FD}.Release|Any CPU.Build.0 = Release|Any CPU
		{128F2888-00E9-4534-BDAE-F8E32E0CC3FD}.Release|x64.ActiveCfg = Release|Any CPU
		{128F2888-00E9-4534-BDAE-F8E32E0CC3FD}.Release|x64.Build.0 = Release|Any CPU
		{128F2888-00E9-4534-BDAE-F8E32E0CC3FD}.Release|x86.ActiveCfg = Release|Any CPU
		{128F2888-00E9-4534-BDAE-F8E32E0CC3FD}.Release|x86.Build.0 = Release|Any CPU
		{5891D738-1B3D-4A39-8BD6-8F4D47EB1AD6}.Debug|Any CPU.ActiveCfg = Debug|Any CPU
		{5891D738-1B3D-4A39-8BD6-8F4D47EB1AD6}.Debug|Any CPU.Build.0 = Debug|Any CPU
		{5891D738-1B3D-4A39-8BD6-8F4D47EB1AD6}.Debug|x64.ActiveCfg = Debug|Any CPU
		{5891D738-1B3D-4A39-8BD6-8F4D47EB1AD6}.Debug|x64.Build.0 = Debug|Any CPU
		{5891D738-1B3D-4A39-8BD6-8F4D47EB1AD6}.Debug|x86.ActiveCfg = Debug|Any CPU
		{5891D738-1B3D-4A39-8BD6-8F4D47EB1AD6}.Debug|x86.Build.0 = Debug|Any CPU
		{5891D738-1B3D-4A39-8BD6-8F4D47EB1AD6}.Release|Any CPU.ActiveCfg = Release|Any CPU
		{5891D738-1B3D-4A39-8BD6-8F4D47EB1AD6}.Release|Any CPU.Build.0 = Release|Any CPU
		{5891D738-1B3D-4A39-8BD6-8F4D47EB1AD6}.Release|x64.ActiveCfg = Release|Any CPU
		{5891D738-1B3D-4A39-8BD6-8F4D47EB1AD6}.Release|x64.Build.0 = Release|Any CPU
		{5891D738-1B3D-4A39-8BD6-8F4D47EB1AD6}.Release|x86.ActiveCfg = Release|Any CPU
		{5891D738-1B3D-4A39-8BD6-8F4D47EB1AD6}.Release|x86.Build.0 = Release|Any CPU
		{A86946D9-3F8F-4F83-8082-231250F13C53}.Debug|Any CPU.ActiveCfg = Debug|Any CPU
		{A86946D9-3F8F-4F83-8082-231250F13C53}.Debug|Any CPU.Build.0 = Debug|Any CPU
		{A86946D9-3F8F-4F83-8082-231250F13C53}.Debug|x64.ActiveCfg = Debug|Any CPU
		{A86946D9-3F8F-4F83-8082-231250F13C53}.Debug|x64.Build.0 = Debug|Any CPU
		{A86946D9-3F8F-4F83-8082-231250F13C53}.Debug|x86.ActiveCfg = Debug|Any CPU
		{A86946D9-3F8F-4F83-8082-231250F13C53}.Debug|x86.Build.0 = Debug|Any CPU
		{A86946D9-3F8F-4F83-8082-231250F13C53}.Release|Any CPU.ActiveCfg = Release|Any CPU
		{A86946D9-3F8F-4F83-8082-231250F13C53}.Release|Any CPU.Build.0 = Release|Any CPU
		{A86946D9-3F8F-4F83-8082-231250F13C53}.Release|x64.ActiveCfg = Release|Any CPU
		{A86946D9-3F8F-4F83-8082-231250F13C53}.Release|x64.Build.0 = Release|Any CPU
		{A86946D9-3F8F-4F83-8082-231250F13C53}.Release|x86.ActiveCfg = Release|Any CPU
		{A86946D9-3F8F-4F83-8082-231250F13C53}.Release|x86.Build.0 = Release|Any CPU
		{8C1EB0B2-D231-4F44-9A7D-6839A2582C9A}.Debug|Any CPU.ActiveCfg = Debug|Any CPU
		{8C1EB0B2-D231-4F44-9A7D-6839A2582C9A}.Debug|Any CPU.Build.0 = Debug|Any CPU
		{8C1EB0B2-D231-4F44-9A7D-6839A2582C9A}.Debug|x64.ActiveCfg = Debug|Any CPU
		{8C1EB0B2-D231-4F44-9A7D-6839A2582C9A}.Debug|x64.Build.0 = Debug|Any CPU
		{8C1EB0B2-D231-4F44-9A7D-6839A2582C9A}.Debug|x86.ActiveCfg = Debug|Any CPU
		{8C1EB0B2-D231-4F44-9A7D-6839A2582C9A}.Debug|x86.Build.0 = Debug|Any CPU
		{8C1EB0B2-D231-4F44-9A7D-6839A2582C9A}.Release|Any CPU.ActiveCfg = Release|Any CPU
		{8C1EB0B2-D231-4F44-9A7D-6839A2582C9A}.Release|Any CPU.Build.0 = Release|Any CPU
		{8C1EB0B2-D231-4F44-9A7D-6839A2582C9A}.Release|x64.ActiveCfg = Release|Any CPU
		{8C1EB0B2-D231-4F44-9A7D-6839A2582C9A}.Release|x64.Build.0 = Release|Any CPU
		{8C1EB0B2-D231-4F44-9A7D-6839A2582C9A}.Release|x86.ActiveCfg = Release|Any CPU
		{8C1EB0B2-D231-4F44-9A7D-6839A2582C9A}.Release|x86.Build.0 = Release|Any CPU
		{8BE6240E-C06B-4D53-9907-9D7F7750DDD5}.Debug|Any CPU.ActiveCfg = Debug|Any CPU
		{8BE6240E-C06B-4D53-9907-9D7F7750DDD5}.Debug|Any CPU.Build.0 = Debug|Any CPU
		{8BE6240E-C06B-4D53-9907-9D7F7750DDD5}.Debug|x64.ActiveCfg = Debug|Any CPU
		{8BE6240E-C06B-4D53-9907-9D7F7750DDD5}.Debug|x64.Build.0 = Debug|Any CPU
		{8BE6240E-C06B-4D53-9907-9D7F7750DDD5}.Debug|x86.ActiveCfg = Debug|Any CPU
		{8BE6240E-C06B-4D53-9907-9D7F7750DDD5}.Debug|x86.Build.0 = Debug|Any CPU
		{8BE6240E-C06B-4D53-9907-9D7F7750DDD5}.Release|Any CPU.ActiveCfg = Release|Any CPU
		{8BE6240E-C06B-4D53-9907-9D7F7750DDD5}.Release|Any CPU.Build.0 = Release|Any CPU
		{8BE6240E-C06B-4D53-9907-9D7F7750DDD5}.Release|x64.ActiveCfg = Release|Any CPU
		{8BE6240E-C06B-4D53-9907-9D7F7750DDD5}.Release|x64.Build.0 = Release|Any CPU
		{8BE6240E-C06B-4D53-9907-9D7F7750DDD5}.Release|x86.ActiveCfg = Release|Any CPU
		{8BE6240E-C06B-4D53-9907-9D7F7750DDD5}.Release|x86.Build.0 = Release|Any CPU
		{16050FED-CBA8-4920-8702-040113183897}.Debug|Any CPU.ActiveCfg = Debug|Any CPU
		{16050FED-CBA8-4920-8702-040113183897}.Debug|Any CPU.Build.0 = Debug|Any CPU
		{16050FED-CBA8-4920-8702-040113183897}.Debug|x64.ActiveCfg = Debug|Any CPU
		{16050FED-CBA8-4920-8702-040113183897}.Debug|x64.Build.0 = Debug|Any CPU
		{16050FED-CBA8-4920-8702-040113183897}.Debug|x86.ActiveCfg = Debug|Any CPU
		{16050FED-CBA8-4920-8702-040113183897}.Debug|x86.Build.0 = Debug|Any CPU
		{16050FED-CBA8-4920-8702-040113183897}.Release|Any CPU.ActiveCfg = Release|Any CPU
		{16050FED-CBA8-4920-8702-040113183897}.Release|Any CPU.Build.0 = Release|Any CPU
		{16050FED-CBA8-4920-8702-040113183897}.Release|x64.ActiveCfg = Release|Any CPU
		{16050FED-CBA8-4920-8702-040113183897}.Release|x64.Build.0 = Release|Any CPU
		{16050FED-CBA8-4920-8702-040113183897}.Release|x86.ActiveCfg = Release|Any CPU
		{16050FED-CBA8-4920-8702-040113183897}.Release|x86.Build.0 = Release|Any CPU
		{F9BEF9D0-EE0D-4188-A61C-C52D3C788E9C}.Debug|Any CPU.ActiveCfg = Debug|Any CPU
		{F9BEF9D0-EE0D-4188-A61C-C52D3C788E9C}.Debug|Any CPU.Build.0 = Debug|Any CPU
		{F9BEF9D0-EE0D-4188-A61C-C52D3C788E9C}.Debug|x64.ActiveCfg = Debug|Any CPU
		{F9BEF9D0-EE0D-4188-A61C-C52D3C788E9C}.Debug|x64.Build.0 = Debug|Any CPU
		{F9BEF9D0-EE0D-4188-A61C-C52D3C788E9C}.Debug|x86.ActiveCfg = Debug|Any CPU
		{F9BEF9D0-EE0D-4188-A61C-C52D3C788E9C}.Debug|x86.Build.0 = Debug|Any CPU
		{F9BEF9D0-EE0D-4188-A61C-C52D3C788E9C}.Release|Any CPU.ActiveCfg = Release|Any CPU
		{F9BEF9D0-EE0D-4188-A61C-C52D3C788E9C}.Release|Any CPU.Build.0 = Release|Any CPU
		{F9BEF9D0-EE0D-4188-A61C-C52D3C788E9C}.Release|x64.ActiveCfg = Release|Any CPU
		{F9BEF9D0-EE0D-4188-A61C-C52D3C788E9C}.Release|x64.Build.0 = Release|Any CPU
		{F9BEF9D0-EE0D-4188-A61C-C52D3C788E9C}.Release|x86.ActiveCfg = Release|Any CPU
		{F9BEF9D0-EE0D-4188-A61C-C52D3C788E9C}.Release|x86.Build.0 = Release|Any CPU
	EndGlobalSection
	GlobalSection(SolutionProperties) = preSolution
		HideSolutionNode = FALSE
	EndGlobalSection
	GlobalSection(NestedProjects) = preSolution
		{36414CF2-6D65-4647-A498-AC1AD82AFD3A} = {827E0CD3-B72D-47B6-A68D-7590B98EB39B}
		{E6AD6197-D270-4D5C-B3DE-9E28D1E63ED5} = {827E0CD3-B72D-47B6-A68D-7590B98EB39B}
		{128F2888-00E9-4534-BDAE-F8E32E0CC3FD} = {827E0CD3-B72D-47B6-A68D-7590B98EB39B}
		{5891D738-1B3D-4A39-8BD6-8F4D47EB1AD6} = {827E0CD3-B72D-47B6-A68D-7590B98EB39B}
		{A86946D9-3F8F-4F83-8082-231250F13C53} = {827E0CD3-B72D-47B6-A68D-7590B98EB39B}
		{8C1EB0B2-D231-4F44-9A7D-6839A2582C9A} = {827E0CD3-B72D-47B6-A68D-7590B98EB39B}
		{8BE6240E-C06B-4D53-9907-9D7F7750DDD5} = {827E0CD3-B72D-47B6-A68D-7590B98EB39B}
		{16050FED-CBA8-4920-8702-040113183897} = {827E0CD3-B72D-47B6-A68D-7590B98EB39B}
		{F9BEF9D0-EE0D-4188-A61C-C52D3C788E9C} = {827E0CD3-B72D-47B6-A68D-7590B98EB39B}
	EndGlobalSection
EndGlobal
